
Microsoft Visual Studio Solution File, Format Version 12.00
# Visual Studio 14
VisualStudioVersion = 14.0.23107.0
MinimumVisualStudioVersion = 10.0.40219.1
Project("{9092AA53-FB77-4645-B42D-1CCCA6BD08BD}") = "Karma-Testes", "Karma-Testes\Karma-Testes.njsproj", "{BC87B6E5-520B-4344-A7E1-74C8ADBA801F}"
EndProject
Global
	GlobalSection(SolutionConfigurationPlatforms) = preSolution
		Debug|Any CPU = Debug|Any CPU
		Release|Any CPU = Release|Any CPU
	EndGlobalSection
	GlobalSection(ProjectConfigurationPlatforms) = postSolution
		{BC87B6E5-520B-4344-A7E1-74C8ADBA801F}.Debug|Any CPU.ActiveCfg = Debug|Any CPU
		{BC87B6E5-520B-4344-A7E1-74C8ADBA801F}.Debug|Any CPU.Build.0 = Debug|Any CPU
		{BC87B6E5-520B-4344-A7E1-74C8ADBA801F}.Release|Any CPU.ActiveCfg = Release|Any CPU
		{BC87B6E5-520B-4344-A7E1-74C8ADBA801F}.Release|Any CPU.Build.0 = Release|Any CPU
	EndGlobalSection
	GlobalSection(SolutionProperties) = preSolution
		HideSolutionNode = FALSE
	EndGlobalSection
EndGlobal
